
Microsoft Visual Studio Solution File, Format Version 12.00
# Visual Studio 15
VisualStudioVersion = 15.0.28010.2041
MinimumVisualStudioVersion = 10.0.40219.1
Project("{FAE04EC0-301F-11D3-BF4B-00C04F79EFBC}") = "ExecuteKillFromCommandPrompt", "ExecuteKillFromCommandPrompt\ExecuteKillFromCommandPrompt.csproj", "{B89BBD99-C06D-46D1-ADC8-64DD7687ABE4}"
EndProject
Global
	GlobalSection(SolutionConfigurationPlatforms) = preSolution
		Debug|Any CPU = Debug|Any CPU
		Release|Any CPU = Release|Any CPU
	EndGlobalSection
	GlobalSection(ProjectConfigurationPlatforms) = postSolution
		{B89BBD99-C06D-46D1-ADC8-64DD7687ABE4}.Debug|Any CPU.ActiveCfg = Debug|Any CPU
		{B89BBD99-C06D-46D1-ADC8-64DD7687ABE4}.Debug|Any CPU.Build.0 = Debug|Any CPU
		{B89BBD99-C06D-46D1-ADC8-64DD7687ABE4}.Release|Any CPU.ActiveCfg = Release|Any CPU
		{B89BBD99-C06D-46D1-ADC8-64DD7687ABE4}.Release|Any CPU.Build.0 = Release|Any CPU
	EndGlobalSection
	GlobalSection(SolutionProperties) = preSolution
		HideSolutionNode = FALSE
	EndGlobalSection
	GlobalSection(ExtensibilityGlobals) = postSolution
		SolutionGuid = {BE087769-503C-4D67-8037-798C1A294F47}
	EndGlobalSection
EndGlobal
